
Microsoft Visual Studio Solution File, Format Version 12.00
# Visual Studio Version 16
VisualStudioVersion = 16.0.30804.86
MinimumVisualStudioVersion = 10.0.40219.1
Project("{9A19103F-16F7-4668-BE54-9A1E7A4F7556}") = "SiloHost", "SiloHost\SiloHost.csproj", "{51EF8A2B-7691-4DBF-BC91-2739F7103AC7}"
EndProject
Project("{9A19103F-16F7-4668-BE54-9A1E7A4F7556}") = "Grains", "Grains\Grains.csproj", "{3D1AC31C-E2D1-40CF-B0D3-EE5A8C02A738}"
EndProject
Project("{9A19103F-16F7-4668-BE54-9A1E7A4F7556}") = "Interfaces", "Interfaces\Interfaces.csproj", "{09BF1505-96AF-45AD-A574-938E79C93705}"
EndProject
Project("{9A19103F-16F7-4668-BE54-9A1E7A4F7556}") = "Client", "Client\Client.csproj", "{AC3C6AB7-A2F2-47A3-BAAA-5E8B8F68A552}"
EndProject
Project("{FAE04EC0-301F-11D3-BF4B-00C04F79EFBC}") = "DbMigration", "DbMigration\DbMigration.csproj", "{72AA5C0D-CC7E-4AD3-B433-B8DB69367564}"
EndProject
Global
	GlobalSection(SolutionConfigurationPlatforms) = preSolution
		Debug|Any CPU = Debug|Any CPU
		Release|Any CPU = Release|Any CPU
	EndGlobalSection
	GlobalSection(ProjectConfigurationPlatforms) = postSolution
		{51EF8A2B-7691-4DBF-BC91-2739F7103AC7}.Debug|Any CPU.ActiveCfg = Debug|Any CPU
		{51EF8A2B-7691-4DBF-BC91-2739F7103AC7}.Debug|Any CPU.Build.0 = Debug|Any CPU
		{51EF8A2B-7691-4DBF-BC91-2739F7103AC7}.Release|Any CPU.ActiveCfg = Release|Any CPU
		{51EF8A2B-7691-4DBF-BC91-2739F7103AC7}.Release|Any CPU.Build.0 = Release|Any CPU
		{3D1AC31C-E2D1-40CF-B0D3-EE5A8C02A738}.Debug|Any CPU.ActiveCfg = Debug|Any CPU
		{3D1AC31C-E2D1-40CF-B0D3-EE5A8C02A738}.Debug|Any CPU.Build.0 = Debug|Any CPU
		{3D1AC31C-E2D1-40CF-B0D3-EE5A8C02A738}.Release|Any CPU.ActiveCfg = Release|Any CPU
		{3D1AC31C-E2D1-40CF-B0D3-EE5A8C02A738}.Release|Any CPU.Build.0 = Release|Any CPU
		{09BF1505-96AF-45AD-A574-938E79C93705}.Debug|Any CPU.ActiveCfg = Debug|Any CPU
		{09BF1505-96AF-45AD-A574-938E79C93705}.Debug|Any CPU.Build.0 = Debug|Any CPU
		{09BF1505-96AF-45AD-A574-938E79C93705}.Release|Any CPU.ActiveCfg = Release|Any CPU
		{09BF1505-96AF-45AD-A574-938E79C93705}.Release|Any CPU.Build.0 = Release|Any CPU
		{AC3C6AB7-A2F2-47A3-BAAA-5E8B8F68A552}.Debug|Any CPU.ActiveCfg = Debug|Any CPU
		{AC3C6AB7-A2F2-47A3-BAAA-5E8B8F68A552}.Debug|Any CPU.Build.0 = Debug|Any CPU
		{AC3C6AB7-A2F2-47A3-BAAA-5E8B8F68A552}.Release|Any CPU.ActiveCfg = Release|Any CPU
		{AC3C6AB7-A2F2-47A3-BAAA-5E8B8F68A552}.Release|Any CPU.Build.0 = Release|Any CPU
		{72AA5C0D-CC7E-4AD3-B433-B8DB69367564}.Debug|Any CPU.ActiveCfg = Debug|Any CPU
		{72AA5C0D-CC7E-4AD3-B433-B8DB69367564}.Debug|Any CPU.Build.0 = Debug|Any CPU
		{72AA5C0D-CC7E-4AD3-B433-B8DB69367564}.Release|Any CPU.ActiveCfg = Release|Any CPU
		{72AA5C0D-CC7E-4AD3-B433-B8DB69367564}.Release|Any CPU.Build.0 = Release|Any CPU
	EndGlobalSection
	GlobalSection(SolutionProperties) = preSolution
		HideSolutionNode = FALSE
	EndGlobalSection
	GlobalSection(ExtensibilityGlobals) = postSolution
		SolutionGuid = {04B7E4D7-9F80-409A-8662-1208DCB87FBB}
	EndGlobalSection
EndGlobal
