
Microsoft Visual Studio Solution File, Format Version 12.00
# Visual Studio Version 16
VisualStudioVersion = 16.0.30907.101
MinimumVisualStudioVersion = 10.0.40219.1
Project("{FAE04EC0-301F-11D3-BF4B-00C04F79EFBC}") = "SiloHost", "SiloHost\SiloHost.csproj", "{F34EC11B-9CB8-4E43-BA22-5383213C9FB9}"
EndProject
Project("{FAE04EC0-301F-11D3-BF4B-00C04F79EFBC}") = "StocksStreamSubscriptionClient", "StocksStreamSubscriptionClient\StocksStreamSubscriptionClient.csproj", "{A4C2396C-5DB3-4E78-BB62-9D3F6D657297}"
EndProject
Project("{FAE04EC0-301F-11D3-BF4B-00C04F79EFBC}") = "Grains", "Grains\Grains.csproj", "{840BE762-6B90-4004-A321-6C6292E967AA}"
EndProject
Project("{FAE04EC0-301F-11D3-BF4B-00C04F79EFBC}") = "Interfaces", "Interfaces\Interfaces.csproj", "{8A7C3F42-AD13-4428-A163-9CEEB1CF4D91}"
EndProject
Global
	GlobalSection(SolutionConfigurationPlatforms) = preSolution
		Debug|Any CPU = Debug|Any CPU
		Release|Any CPU = Release|Any CPU
	EndGlobalSection
	GlobalSection(ProjectConfigurationPlatforms) = postSolution
		{F34EC11B-9CB8-4E43-BA22-5383213C9FB9}.Debug|Any CPU.ActiveCfg = Debug|Any CPU
		{F34EC11B-9CB8-4E43-BA22-5383213C9FB9}.Debug|Any CPU.Build.0 = Debug|Any CPU
		{F34EC11B-9CB8-4E43-BA22-5383213C9FB9}.Release|Any CPU.ActiveCfg = Release|Any CPU
		{F34EC11B-9CB8-4E43-BA22-5383213C9FB9}.Release|Any CPU.Build.0 = Release|Any CPU
		{A4C2396C-5DB3-4E78-BB62-9D3F6D657297}.Debug|Any CPU.ActiveCfg = Debug|Any CPU
		{A4C2396C-5DB3-4E78-BB62-9D3F6D657297}.Debug|Any CPU.Build.0 = Debug|Any CPU
		{A4C2396C-5DB3-4E78-BB62-9D3F6D657297}.Release|Any CPU.ActiveCfg = Release|Any CPU
		{A4C2396C-5DB3-4E78-BB62-9D3F6D657297}.Release|Any CPU.Build.0 = Release|Any CPU
		{840BE762-6B90-4004-A321-6C6292E967AA}.Debug|Any CPU.ActiveCfg = Debug|Any CPU
		{840BE762-6B90-4004-A321-6C6292E967AA}.Debug|Any CPU.Build.0 = Debug|Any CPU
		{840BE762-6B90-4004-A321-6C6292E967AA}.Release|Any CPU.ActiveCfg = Release|Any CPU
		{840BE762-6B90-4004-A321-6C6292E967AA}.Release|Any CPU.Build.0 = Release|Any CPU
		{8A7C3F42-AD13-4428-A163-9CEEB1CF4D91}.Debug|Any CPU.ActiveCfg = Debug|Any CPU
		{8A7C3F42-AD13-4428-A163-9CEEB1CF4D91}.Debug|Any CPU.Build.0 = Debug|Any CPU
		{8A7C3F42-AD13-4428-A163-9CEEB1CF4D91}.Release|Any CPU.ActiveCfg = Release|Any CPU
		{8A7C3F42-AD13-4428-A163-9CEEB1CF4D91}.Release|Any CPU.Build.0 = Release|Any CPU
	EndGlobalSection
	GlobalSection(SolutionProperties) = preSolution
		HideSolutionNode = FALSE
	EndGlobalSection
	GlobalSection(ExtensibilityGlobals) = postSolution
		SolutionGuid = {2D464C64-DC34-4048-973C-A8D0048B5C04}
	EndGlobalSection
EndGlobal
